// !$*UTF8*$!
{
	archiveVersion = 1;
	classes = {
	};
	objectVersion = 46;
	objects = {

/* Begin PBXBuildFile section */
		741775CF155BA41100ABFE37 /* 2.png in Resources */ = {isa = PBXBuildFile; fileRef = 741775CE155BA41100ABFE37 /* 2.png */; };
		741775D1155BA68600ABFE37 /* 3.png in Resources */ = {isa = PBXBuildFile; fileRef = 741775D0155BA68600ABFE37 /* 3.png */; };
		741775D3155BA8B300ABFE37 /* 4.png in Resources */ = {isa = PBXBuildFile; fileRef = 741775D2155BA8B300ABFE37 /* 4.png */; };
		741775D5155BA98100ABFE37 /* 5.png in Resources */ = {isa = PBXBuildFile; fileRef = 741775D4155BA98100ABFE37 /* 5.png */; };
		741775D7155BAD2000ABFE37 /* 6.png in Resources */ = {isa = PBXBuildFile; fileRef = 741775D6155BAD2000ABFE37 /* 6.png */; };
		741775D9155BADED00ABFE37 /* 7.png in Resources */ = {isa = PBXBuildFile; fileRef = 741775D8155BADED00ABFE37 /* 7.png */; };
		741C7A07155C272A0056AF55 /* 1Multiplayer.png in Resources */ = {isa = PBXBuildFile; fileRef = 741C7A06155C272A0056AF55 /* 1Multiplayer.png */; };
		741C7A09155C27380056AF55 /* 1Singleplayer.png in Resources */ = {isa = PBXBuildFile; fileRef = 741C7A08155C27380056AF55 /* 1Singleplayer.png */; };
		741C7A0B155C274D0056AF55 /* 1Einstellungen.png in Resources */ = {isa = PBXBuildFile; fileRef = 741C7A0A155C274D0056AF55 /* 1Einstellungen.png */; };
		743D784A155A8B3600BC66C7 /* UIKit.framework in Frameworks */ = {isa = PBXBuildFile; fileRef = 743D7849155A8B3600BC66C7 /* UIKit.framework */; };
		743D784C155A8B3600BC66C7 /* Foundation.framework in Frameworks */ = {isa = PBXBuildFile; fileRef = 743D784B155A8B3600BC66C7 /* Foundation.framework */; };
		743D784E155A8B3600BC66C7 /* CoreGraphics.framework in Frameworks */ = {isa = PBXBuildFile; fileRef = 743D784D155A8B3600BC66C7 /* CoreGraphics.framework */; };
		743D7854155A8B3600BC66C7 /* InfoPlist.strings in Resources */ = {isa = PBXBuildFile; fileRef = 743D7852155A8B3600BC66C7 /* InfoPlist.strings */; };
		743D7856155A8B3600BC66C7 /* main.m in Sources */ = {isa = PBXBuildFile; fileRef = 743D7855155A8B3600BC66C7 /* main.m */; };
		743D785D155A8B3700BC66C7 /* MainStoryboard_iPhone.storyboard in Resources */ = {isa = PBXBuildFile; fileRef = 743D785B155A8B3700BC66C7 /* MainStoryboard_iPhone.storyboard */; };
		743D7860155A8B3700BC66C7 /* MainStoryboard_iPad.storyboard in Resources */ = {isa = PBXBuildFile; fileRef = 743D785E155A8B3700BC66C7 /* MainStoryboard_iPad.storyboard */; };
		743D786B155A8B3700BC66C7 /* SenTestingKit.framework in Frameworks */ = {isa = PBXBuildFile; fileRef = 743D786A155A8B3700BC66C7 /* SenTestingKit.framework */; };
		743D786C155A8B3700BC66C7 /* UIKit.framework in Frameworks */ = {isa = PBXBuildFile; fileRef = 743D7849155A8B3600BC66C7 /* UIKit.framework */; };
		743D786D155A8B3700BC66C7 /* Foundation.framework in Frameworks */ = {isa = PBXBuildFile; fileRef = 743D784B155A8B3600BC66C7 /* Foundation.framework */; };
		743D7875155A8B3700BC66C7 /* InfoPlist.strings in Resources */ = {isa = PBXBuildFile; fileRef = 743D7873155A8B3700BC66C7 /* InfoPlist.strings */; };
		743D7878155A8B3700BC66C7 /* nopainbutshameTests.m in Sources */ = {isa = PBXBuildFile; fileRef = 743D7877155A8B3700BC66C7 /* nopainbutshameTests.m */; };
/* End PBXBuildFile section */

/* Begin PBXContainerItemProxy section */
		743D786E155A8B3700BC66C7 /* PBXContainerItemProxy */ = {
			isa = PBXContainerItemProxy;
			containerPortal = 743D783C155A8B3600BC66C7 /* Project object */;
			proxyType = 1;
			remoteGlobalIDString = 743D7844155A8B3600BC66C7;
			remoteInfo = nopainbutshame;
		};
/* End PBXContainerItemProxy section */

/* Begin PBXFileReference section */
		741775CE155BA41100ABFE37 /* 2.png */ = {isa = PBXFileReference; lastKnownFileType = image.png; name = 2.png; path = images/2.png; sourceTree = "<group>"; };
		741775D0155BA68600ABFE37 /* 3.png */ = {isa = PBXFileReference; lastKnownFileType = image.png; name = 3.png; path = images/3.png; sourceTree = "<group>"; };
		741775D2155BA8B300ABFE37 /* 4.png */ = {isa = PBXFileReference; lastKnownFileType = image.png; name = 4.png; path = images/4.png; sourceTree = "<group>"; };
		741775D4155BA98100ABFE37 /* 5.png */ = {isa = PBXFileReference; lastKnownFileType = image.png; name = 5.png; path = images/5.png; sourceTree = "<group>"; };
		741775D6155BAD2000ABFE37 /* 6.png */ = {isa = PBXFileReference; lastKnownFileType = image.png; name = 6.png; path = images/6.png; sourceTree = "<group>"; };
		741775D8155BADED00ABFE37 /* 7.png */ = {isa = PBXFileReference; lastKnownFileType = image.png; name = 7.png; path = images/7.png; sourceTree = "<group>"; };
		741C7A06155C272A0056AF55 /* 1Multiplayer.png */ = {isa = PBXFileReference; lastKnownFileType = image.png; name = 1Multiplayer.png; path = images/1Multiplayer.png; sourceTree = "<group>"; };
		741C7A08155C27380056AF55 /* 1Singleplayer.png */ = {isa = PBXFileReference; lastKnownFileType = image.png; name = 1Singleplayer.png; path = images/1Singleplayer.png; sourceTree = "<group>"; };
		741C7A0A155C274D0056AF55 /* 1Einstellungen.png */ = {isa = PBXFileReference; lastKnownFileType = image.png; name = 1Einstellungen.png; path = images/1Einstellungen.png; sourceTree = "<group>"; };
		743D7845155A8B3600BC66C7 /* nopainbutshame.app */ = {isa = PBXFileReference; explicitFileType = wrapper.application; includeInIndex = 0; path = nopainbutshame.app; sourceTree = BUILT_PRODUCTS_DIR; };
		743D7849155A8B3600BC66C7 /* UIKit.framework */ = {isa = PBXFileReference; lastKnownFileType = wrapper.framework; name = UIKit.framework; path = System/Library/Frameworks/UIKit.framework; sourceTree = SDKROOT; };
		743D784B155A8B3600BC66C7 /* Foundation.framework */ = {isa = PBXFileReference; lastKnownFileType = wrapper.framework; name = Foundation.framework; path = System/Library/Frameworks/Foundation.framework; sourceTree = SDKROOT; };
		743D784D155A8B3600BC66C7 /* CoreGraphics.framework */ = {isa = PBXFileReference; lastKnownFileType = wrapper.framework; name = CoreGraphics.framework; path = System/Library/Frameworks/CoreGraphics.framework; sourceTree = SDKROOT; };
		743D7851155A8B3600BC66C7 /* nopainbutshame-Info.plist */ = {isa = PBXFileReference; lastKnownFileType = text.plist.xml; path = "nopainbutshame-Info.plist"; sourceTree = "<group>"; };
		743D7853155A8B3600BC66C7 /* en */ = {isa = PBXFileReference; lastKnownFileType = text.plist.strings; name = en; path = en.lproj/InfoPlist.strings; sourceTree = "<group>"; };
		743D7855155A8B3600BC66C7 /* main.m */ = {isa = PBXFileReference; lastKnownFileType = sourcecode.c.objc; path = main.m; sourceTree = "<group>"; };
		743D7857155A8B3600BC66C7 /* nopainbutshame-Prefix.pch */ = {isa = PBXFileReference; lastKnownFileType = sourcecode.c.h; path = "nopainbutshame-Prefix.pch"; sourceTree = "<group>"; };
		743D785C155A8B3700BC66C7 /* en */ = {isa = PBXFileReference; lastKnownFileType = file.storyboard; name = en; path = en.lproj/MainStoryboard_iPhone.storyboard; sourceTree = "<group>"; };
		743D785F155A8B3700BC66C7 /* en */ = {isa = PBXFileReference; lastKnownFileType = file.storyboard; name = en; path = en.lproj/MainStoryboard_iPad.storyboard; sourceTree = "<group>"; };
		743D7869155A8B3700BC66C7 /* nopainbutshameTests.octest */ = {isa = PBXFileReference; explicitFileType = wrapper.cfbundle; includeInIndex = 0; path = nopainbutshameTests.octest; sourceTree = BUILT_PRODUCTS_DIR; };
		743D786A155A8B3700BC66C7 /* SenTestingKit.framework */ = {isa = PBXFileReference; lastKnownFileType = wrapper.framework; name = SenTestingKit.framework; path = Library/Frameworks/SenTestingKit.framework; sourceTree = DEVELOPER_DIR; };
		743D7872155A8B3700BC66C7 /* nopainbutshameTests-Info.plist */ = {isa = PBXFileReference; lastKnownFileType = text.plist.xml; path = "nopainbutshameTests-Info.plist"; sourceTree = "<group>"; };
		743D7874155A8B3700BC66C7 /* en */ = {isa = PBXFileReference; lastKnownFileType = text.plist.strings; name = en; path = en.lproj/InfoPlist.strings; sourceTree = "<group>"; };
		743D7876155A8B3700BC66C7 /* nopainbutshameTests.h */ = {isa = PBXFileReference; lastKnownFileType = sourcecode.c.h; path = nopainbutshameTests.h; sourceTree = "<group>"; };
		743D7877155A8B3700BC66C7 /* nopainbutshameTests.m */ = {isa = PBXFileReference; lastKnownFileType = sourcecode.c.objc; path = nopainbutshameTests.m; sourceTree = "<group>"; };
/* End PBXFileReference section */

/* Begin PBXFrameworksBuildPhase section */
		743D7842155A8B3600BC66C7 /* Frameworks */ = {
			isa = PBXFrameworksBuildPhase;
			buildActionMask = 2147483647;
			files = (
				743D784A155A8B3600BC66C7 /* UIKit.framework in Frameworks */,
				743D784C155A8B3600BC66C7 /* Foundation.framework in Frameworks */,
				743D784E155A8B3600BC66C7 /* CoreGraphics.framework in Frameworks */,
			);
			runOnlyForDeploymentPostprocessing = 0;
		};
		743D7865155A8B3700BC66C7 /* Frameworks */ = {
			isa = PBXFrameworksBuildPhase;
			buildActionMask = 2147483647;
			files = (
				743D786B155A8B3700BC66C7 /* SenTestingKit.framework in Frameworks */,
				743D786C155A8B3700BC66C7 /* UIKit.framework in Frameworks */,
				743D786D155A8B3700BC66C7 /* Foundation.framework in Frameworks */,
			);
			runOnlyForDeploymentPostprocessing = 0;
		};
/* End PBXFrameworksBuildPhase section */

/* Begin PBXGroup section */
		741C7A14155C5F8F0056AF55 /* resources */ = {
			isa = PBXGroup;
			children = (
			);
			name = resources;
			sourceTree = "<group>";
		};
		743D783A155A8B3600BC66C7 = {
			isa = PBXGroup;
			children = (
				743D784F155A8B3600BC66C7 /* nopainbutshame */,
				743D7870155A8B3700BC66C7 /* nopainbutshameTests */,
				743D7848155A8B3600BC66C7 /* Frameworks */,
				743D7846155A8B3600BC66C7 /* Products */,
			);
			sourceTree = "<group>";
		};
		743D7846155A8B3600BC66C7 /* Products */ = {
			isa = PBXGroup;
			children = (
				743D7845155A8B3600BC66C7 /* nopainbutshame.app */,
				743D7869155A8B3700BC66C7 /* nopainbutshameTests.octest */,
			);
			name = Products;
			sourceTree = "<group>";
		};
		743D7848155A8B3600BC66C7 /* Frameworks */ = {
			isa = PBXGroup;
			children = (
				743D7849155A8B3600BC66C7 /* UIKit.framework */,
				743D784B155A8B3600BC66C7 /* Foundation.framework */,
				743D784D155A8B3600BC66C7 /* CoreGraphics.framework */,
				743D786A155A8B3700BC66C7 /* SenTestingKit.framework */,
			);
			name = Frameworks;
			sourceTree = "<group>";
		};
		743D784F155A8B3600BC66C7 /* nopainbutshame */ = {
			isa = PBXGroup;
			children = (
				741C7A14155C5F8F0056AF55 /* resources */,
				743D785B155A8B3700BC66C7 /* MainStoryboard_iPhone.storyboard */,
				743D785E155A8B3700BC66C7 /* MainStoryboard_iPad.storyboard */,
				743D7850155A8B3600BC66C7 /* Supporting Files */,
			);
			path = nopainbutshame;
			sourceTree = "<group>";
		};
		743D7850155A8B3600BC66C7 /* Supporting Files */ = {
			isa = PBXGroup;
			children = (
				741C7A0A155C274D0056AF55 /* 1Einstellungen.png */,
				741C7A08155C27380056AF55 /* 1Singleplayer.png */,
				741C7A06155C272A0056AF55 /* 1Multiplayer.png */,
				741775D8155BADED00ABFE37 /* 7.png */,
				741775D6155BAD2000ABFE37 /* 6.png */,
				741775D4155BA98100ABFE37 /* 5.png */,
				741775D2155BA8B300ABFE37 /* 4.png */,
				741775D0155BA68600ABFE37 /* 3.png */,
				741775CE155BA41100ABFE37 /* 2.png */,
				743D7851155A8B3600BC66C7 /* nopainbutshame-Info.plist */,
				743D7852155A8B3600BC66C7 /* InfoPlist.strings */,
				743D7855155A8B3600BC66C7 /* main.m */,
				743D7857155A8B3600BC66C7 /* nopainbutshame-Prefix.pch */,
			);
			name = "Supporting Files";
			sourceTree = "<group>";
		};
		743D7870155A8B3700BC66C7 /* nopainbutshameTests */ = {
			isa = PBXGroup;
			children = (
				743D7876155A8B3700BC66C7 /* nopainbutshameTests.h */,
				743D7877155A8B3700BC66C7 /* nopainbutshameTests.m */,
				743D7871155A8B3700BC66C7 /* Supporting Files */,
			);
			path = nopainbutshameTests;
			sourceTree = "<group>";
		};
		743D7871155A8B3700BC66C7 /* Supporting Files */ = {
			isa = PBXGroup;
			children = (
				743D7872155A8B3700BC66C7 /* nopainbutshameTests-Info.plist */,
				743D7873155A8B3700BC66C7 /* InfoPlist.strings */,
			);
			name = "Supporting Files";
			sourceTree = "<group>";
		};
/* End PBXGroup section */

/* Begin PBXNativeTarget section */
		743D7844155A8B3600BC66C7 /* nopainbutshame */ = {
			isa = PBXNativeTarget;
			buildConfigurationList = 743D787B155A8B3700BC66C7 /* Build configuration list for PBXNativeTarget "nopainbutshame" */;
			buildPhases = (
				743D7841155A8B3600BC66C7 /* Sources */,
				743D7842155A8B3600BC66C7 /* Frameworks */,
				743D7843155A8B3600BC66C7 /* Resources */,
			);
			buildRules = (
			);
			dependencies = (
			);
			name = nopainbutshame;
			productName = nopainbutshame;
			productReference = 743D7845155A8B3600BC66C7 /* nopainbutshame.app */;
			productType = "com.apple.product-type.application";
		};
		743D7868155A8B3700BC66C7 /* nopainbutshameTests */ = {
			isa = PBXNativeTarget;
			buildConfigurationList = 743D787E155A8B3700BC66C7 /* Build configuration list for PBXNativeTarget "nopainbutshameTests" */;
			buildPhases = (
				743D7864155A8B3700BC66C7 /* Sources */,
				743D7865155A8B3700BC66C7 /* Frameworks */,
				743D7866155A8B3700BC66C7 /* Resources */,
				743D7867155A8B3700BC66C7 /* ShellScript */,
			);
			buildRules = (
			);
			dependencies = (
				743D786F155A8B3700BC66C7 /* PBXTargetDependency */,
			);
			name = nopainbutshameTests;
			productName = nopainbutshameTests;
			productReference = 743D7869155A8B3700BC66C7 /* nopainbutshameTests.octest */;
			productType = "com.apple.product-type.bundle";
		};
/* End PBXNativeTarget section */

/* Begin PBXProject section */
		743D783C155A8B3600BC66C7 /* Project object */ = {
			isa = PBXProject;
			attributes = {
				LastUpgradeCheck = 0420;
			};
			buildConfigurationList = 743D783F155A8B3600BC66C7 /* Build configuration list for PBXProject "nopainbutshame" */;
			compatibilityVersion = "Xcode 3.2";
			developmentRegion = English;
			hasScannedForEncodings = 0;
			knownRegions = (
				en,
			);
			mainGroup = 743D783A155A8B3600BC66C7;
			productRefGroup = 743D7846155A8B3600BC66C7 /* Products */;
			projectDirPath = "";
			projectRoot = "";
			targets = (
				743D7844155A8B3600BC66C7 /* nopainbutshame */,
				743D7868155A8B3700BC66C7 /* nopainbutshameTests */,
			);
		};
/* End PBXProject section */

/* Begin PBXResourcesBuildPhase section */
		743D7843155A8B3600BC66C7 /* Resources */ = {
			isa = PBXResourcesBuildPhase;
			buildActionMask = 2147483647;
			files = (
				743D7854155A8B3600BC66C7 /* InfoPlist.strings in Resources */,
				743D785D155A8B3700BC66C7 /* MainStoryboard_iPhone.storyboard in Resources */,
				743D7860155A8B3700BC66C7 /* MainStoryboard_iPad.storyboard in Resources */,
				741775CF155BA41100ABFE37 /* 2.png in Resources */,
				741775D1155BA68600ABFE37 /* 3.png in Resources */,
				741775D3155BA8B300ABFE37 /* 4.png in Resources */,
				741775D5155BA98100ABFE37 /* 5.png in Resources */,
				741775D7155BAD2000ABFE37 /* 6.png in Resources */,
				741775D9155BADED00ABFE37 /* 7.png in Resources */,
				741C7A07155C272A0056AF55 /* 1Multiplayer.png in Resources */,
				741C7A09155C27380056AF55 /* 1Singleplayer.png in Resources */,
				741C7A0B155C274D0056AF55 /* 1Einstellungen.png in Resources */,
			);
			runOnlyForDeploymentPostprocessing = 0;
		};
		743D7866155A8B3700BC66C7 /* Resources */ = {
			isa = PBXResourcesBuildPhase;
			buildActionMask = 2147483647;
			files = (
				743D7875155A8B3700BC66C7 /* InfoPlist.strings in Resources */,
			);
			runOnlyForDeploymentPostprocessing = 0;
		};
/* End PBXResourcesBuildPhase section */

/* Begin PBXShellScriptBuildPhase section */
		743D7867155A8B3700BC66C7 /* ShellScript */ = {
			isa = PBXShellScriptBuildPhase;
			buildActionMask = 2147483647;
			files = (
			);
			inputPaths = (
			);
			outputPaths = (
			);
			runOnlyForDeploymentPostprocessing = 0;
			shellPath = /bin/sh;
			shellScript = "# Run the unit tests in this test bundle.\n\"${SYSTEM_DEVELOPER_DIR}/Tools/RunUnitTests\"\n";
		};
/* End PBXShellScriptBuildPhase section */

/* Begin PBXSourcesBuildPhase section */
		743D7841155A8B3600BC66C7 /* Sources */ = {
			isa = PBXSourcesBuildPhase;
			buildActionMask = 2147483647;
			files = (
				743D7856155A8B3600BC66C7 /* main.m in Sources */,
			);
			runOnlyForDeploymentPostprocessing = 0;
		};
		743D7864155A8B3700BC66C7 /* Sources */ = {
			isa = PBXSourcesBuildPhase;
			buildActionMask = 2147483647;
			files = (
				743D7878155A8B3700BC66C7 /* nopainbutshameTests.m in Sources */,
			);
			runOnlyForDeploymentPostprocessing = 0;
		};
/* End PBXSourcesBuildPhase section */

/* Begin PBXTargetDependency section */
		743D786F155A8B3700BC66C7 /* PBXTargetDependency */ = {
			isa = PBXTargetDependency;
			target = 743D7844155A8B3600BC66C7 /* nopainbutshame */;
			targetProxy = 743D786E155A8B3700BC66C7 /* PBXContainerItemProxy */;
		};
/* End PBXTargetDependency section */

/* Begin PBXVariantGroup section */
		743D7852155A8B3600BC66C7 /* InfoPlist.strings */ = {
			isa = PBXVariantGroup;
			children = (
				743D7853155A8B3600BC66C7 /* en */,
			);
			name = InfoPlist.strings;
			sourceTree = "<group>";
		};
		743D785B155A8B3700BC66C7 /* MainStoryboard_iPhone.storyboard */ = {
			isa = PBXVariantGroup;
			children = (
				743D785C155A8B3700BC66C7 /* en */,
			);
			name = MainStoryboard_iPhone.storyboard;
			sourceTree = "<group>";
		};
		743D785E155A8B3700BC66C7 /* MainStoryboard_iPad.storyboard */ = {
			isa = PBXVariantGroup;
			children = (
				743D785F155A8B3700BC66C7 /* en */,
			);
			name = MainStoryboard_iPad.storyboard;
			sourceTree = "<group>";
		};
		743D7873155A8B3700BC66C7 /* InfoPlist.strings */ = {
			isa = PBXVariantGroup;
			children = (
				743D7874155A8B3700BC66C7 /* en */,
			);
			name = InfoPlist.strings;
			sourceTree = "<group>";
		};
/* End PBXVariantGroup section */

/* Begin XCBuildConfiguration section */
		743D7879155A8B3700BC66C7 /* Debug */ = {
			isa = XCBuildConfiguration;
			buildSettings = {
				ALWAYS_SEARCH_USER_PATHS = NO;
				ARCHS = "$(ARCHS_STANDARD_32_BIT)";
				CLANG_ENABLE_OBJC_ARC = YES;
				"CODE_SIGN_IDENTITY[sdk=iphoneos*]" = "iPhone Developer";
				COPY_PHASE_STRIP = NO;
				GCC_C_LANGUAGE_STANDARD = gnu99;
				GCC_DYNAMIC_NO_PIC = NO;
				GCC_OPTIMIZATION_LEVEL = 0;
				GCC_PREPROCESSOR_DEFINITIONS = (
					"DEBUG=1",
					"$(inherited)",
				);
				GCC_SYMBOLS_PRIVATE_EXTERN = NO;
				GCC_VERSION = com.apple.compilers.llvm.clang.1_0;
				GCC_WARN_ABOUT_MISSING_PROTOTYPES = YES;
				GCC_WARN_ABOUT_RETURN_TYPE = YES;
				GCC_WARN_UNUSED_VARIABLE = YES;
				IPHONEOS_DEPLOYMENT_TARGET = 5.0;
				SDKROOT = iphoneos;
				TARGETED_DEVICE_FAMILY = "1,2";
			};
			name = Debug;
		};
		743D787A155A8B3700BC66C7 /* Release */ = {
			isa = XCBuildConfiguration;
			buildSettings = {
				ALWAYS_SEARCH_USER_PATHS = NO;
				ARCHS = "$(ARCHS_STANDARD_32_BIT)";
				CLANG_ENABLE_OBJC_ARC = YES;
				"CODE_SIGN_IDENTITY[sdk=iphoneos*]" = "iPhone Developer";
				COPY_PHASE_STRIP = YES;
				GCC_C_LANGUAGE_STANDARD = gnu99;
				GCC_VERSION = com.apple.compilers.llvm.clang.1_0;
				GCC_WARN_ABOUT_MISSING_PROTOTYPES = YES;
				GCC_WARN_ABOUT_RETURN_TYPE = YES;
				GCC_WARN_UNUSED_VARIABLE = YES;
				IPHONEOS_DEPLOYMENT_TARGET = 5.0;
				OTHER_CFLAGS = "-DNS_BLOCK_ASSERTIONS=1";
				SDKROOT = iphoneos;
				TARGETED_DEVICE_FAMILY = "1,2";
				VALIDATE_PRODUCT = YES;
			};
			name = Release;
		};
		743D787C155A8B3700BC66C7 /* Debug */ = {
			isa = XCBuildConfiguration;
			buildSettings = {
				GCC_PRECOMPILE_PREFIX_HEADER = YES;
				GCC_PREFIX_HEADER = "nopainbutshame/nopainbutshame-Prefix.pch";
				INFOPLIST_FILE = "nopainbutshame/nopainbutshame-Info.plist";
				IPHONEOS_DEPLOYMENT_TARGET = 5.0;
				PRODUCT_NAME = "$(TARGET_NAME)";
				WRAPPER_EXTENSION = app;
			};
			name = Debug;
		};
		743D787D155A8B3700BC66C7 /* Release */ = {
			isa = XCBuildConfiguration;
			buildSettings = {
				GCC_PRECOMPILE_PREFIX_HEADER = YES;
				GCC_PREFIX_HEADER = "nopainbutshame/nopainbutshame-Prefix.pch";
				INFOPLIST_FILE = "nopainbutshame/nopainbutshame-Info.plist";
				IPHONEOS_DEPLOYMENT_TARGET = 5.0;
				PRODUCT_NAME = "$(TARGET_NAME)";
				WRAPPER_EXTENSION = app;
			};
			name = Release;
		};
		743D787F155A8B3700BC66C7 /* Debug */ = {
			isa = XCBuildConfiguration;
			buildSettings = {
				BUNDLE_LOADER = "$(BUILT_PRODUCTS_DIR)/nopainbutshame.app/nopainbutshame";
				FRAMEWORK_SEARCH_PATHS = (
					"$(SDKROOT)/Developer/Library/Frameworks",
					"$(DEVELOPER_LIBRARY_DIR)/Frameworks",
				);
				GCC_PRECOMPILE_PREFIX_HEADER = YES;
				GCC_PREFIX_HEADER = "nopainbutshame/nopainbutshame-Prefix.pch";
				INFOPLIST_FILE = "nopainbutshameTests/nopainbutshameTests-Info.plist";
				PRODUCT_NAME = "$(TARGET_NAME)";
				TEST_HOST = "$(BUNDLE_LOADER)";
				WRAPPER_EXTENSION = octest;
			};
			name = Debug;
		};
		743D7880155A8B3700BC66C7 /* Release */ = {
			isa = XCBuildConfiguration;
			buildSettings = {
				BUNDLE_LOADER = "$(BUILT_PRODUCTS_DIR)/nopainbutshame.app/nopainbutshame";
				FRAMEWORK_SEARCH_PATHS = (
					"$(SDKROOT)/Developer/Library/Frameworks",
					"$(DEVELOPER_LIBRARY_DIR)/Frameworks",
				);
				GCC_PRECOMPILE_PREFIX_HEADER = YES;
				GCC_PREFIX_HEADER = "nopainbutshame/nopainbutshame-Prefix.pch";
				INFOPLIST_FILE = "nopainbutshameTests/nopainbutshameTests-Info.plist";
				PRODUCT_NAME = "$(TARGET_NAME)";
				TEST_HOST = "$(BUNDLE_LOADER)";
				WRAPPER_EXTENSION = octest;
			};
			name = Release;
		};
/* End XCBuildConfiguration section */

/* Begin XCConfigurationList section */
		743D783F155A8B3600BC66C7 /* Build configuration list for PBXProject "nopainbutshame" */ = {
			isa = XCConfigurationList;
			buildConfigurations = (
				743D7879155A8B3700BC66C7 /* Debug */,
				743D787A155A8B3700BC66C7 /* Release */,
			);
			defaultConfigurationIsVisible = 0;
			defaultConfigurationName = Release;
		};
		743D787B155A8B3700BC66C7 /* Build configuration list for PBXNativeTarget "nopainbutshame" */ = {
			isa = XCConfigurationList;
			buildConfigurations = (
				743D787C155A8B3700BC66C7 /* Debug */,
				743D787D155A8B3700BC66C7 /* Release */,
			);
			defaultConfigurationIsVisible = 0;
			defaultConfigurationName = Release;
		};
		743D787E155A8B3700BC66C7 /* Build configuration list for PBXNativeTarget "nopainbutshameTests" */ = {
			isa = XCConfigurationList;
			buildConfigurations = (
				743D787F155A8B3700BC66C7 /* Debug */,
				743D7880155A8B3700BC66C7 /* Release */,
			);
			defaultConfigurationIsVisible = 0;
			defaultConfigurationName = Release;
		};
/* End XCConfigurationList section */
	};
	rootObject = 743D783C155A8B3600BC66C7 /* Project object */;
}
