// !$*UTF8*$!
{
	archiveVersion = 1;
	classes = {
	};
	objectVersion = 46;
	objects = {

/* Begin PBXBuildFile section */
		10997A1515874D8E00895DBE /* PackOfCards.m in Sources */ = {isa = PBXBuildFile; fileRef = 10997A1415874D8E00895DBE /* PackOfCards.m */; };
		10F1130915A6545300FE1D1E /* icon.png in Resources */ = {isa = PBXBuildFile; fileRef = 10F1130815A6545300FE1D1E /* icon.png */; };
		17457F1615B6ADDB00035FAD /* pokertisch.png in Resources */ = {isa = PBXBuildFile; fileRef = 17457F1515B6ADDA00035FAD /* pokertisch.png */; };
		7408493C15B4564200E3A0FF /* spieleinstellungen.m in Sources */ = {isa = PBXBuildFile; fileRef = 7408493B15B4564200E3A0FF /* spieleinstellungen.m */; };
		74164EC915B94B59004E44AB /* QuartzCore.framework in Frameworks */ = {isa = PBXBuildFile; fileRef = 74164EC815B94B59004E44AB /* QuartzCore.framework */; };
		74164ED015BC1309004E44AB /* leer.png in Resources */ = {isa = PBXBuildFile; fileRef = 74164ECF15BC1309004E44AB /* leer.png */; };
		741C3E9E1579181C0085C97E /* 1_Singleplayer.png in Resources */ = {isa = PBXBuildFile; fileRef = 741C3E9D1579181C0085C97E /* 1_Singleplayer.png */; };
		741C7A92155E70210056AF55 /* UIKit.framework in Frameworks */ = {isa = PBXBuildFile; fileRef = 741C7A91155E70210056AF55 /* UIKit.framework */; };
		741C7A94155E70210056AF55 /* Foundation.framework in Frameworks */ = {isa = PBXBuildFile; fileRef = 741C7A93155E70210056AF55 /* Foundation.framework */; };
		741C7A96155E70210056AF55 /* CoreGraphics.framework in Frameworks */ = {isa = PBXBuildFile; fileRef = 741C7A95155E70210056AF55 /* CoreGraphics.framework */; };
		741C7A9C155E70210056AF55 /* InfoPlist.strings in Resources */ = {isa = PBXBuildFile; fileRef = 741C7A9A155E70210056AF55 /* InfoPlist.strings */; };
		741C7A9E155E70210056AF55 /* main.m in Sources */ = {isa = PBXBuildFile; fileRef = 741C7A9D155E70210056AF55 /* main.m */; };
		741C7AA2155E70210056AF55 /* AppDelegate.m in Sources */ = {isa = PBXBuildFile; fileRef = 741C7AA1155E70210056AF55 /* AppDelegate.m */; };
		741C7AA8155E70220056AF55 /* MainStoryboard_iPad.storyboard in Resources */ = {isa = PBXBuildFile; fileRef = 741C7AA6155E70220056AF55 /* MainStoryboard_iPad.storyboard */; };
		741C7AAB155E70220056AF55 /* ViewController.m in Sources */ = {isa = PBXBuildFile; fileRef = 741C7AAA155E70220056AF55 /* ViewController.m */; };
		741C7AB3155E70220056AF55 /* SenTestingKit.framework in Frameworks */ = {isa = PBXBuildFile; fileRef = 741C7AB2155E70220056AF55 /* SenTestingKit.framework */; };
		741C7AB4155E70220056AF55 /* UIKit.framework in Frameworks */ = {isa = PBXBuildFile; fileRef = 741C7A91155E70210056AF55 /* UIKit.framework */; };
		741C7AB5155E70220056AF55 /* Foundation.framework in Frameworks */ = {isa = PBXBuildFile; fileRef = 741C7A93155E70210056AF55 /* Foundation.framework */; };
		741C7ABD155E70220056AF55 /* InfoPlist.strings in Resources */ = {isa = PBXBuildFile; fileRef = 741C7ABB155E70220056AF55 /* InfoPlist.strings */; };
		741C7AC0155E70230056AF55 /* nopainbutshameTests.m in Sources */ = {isa = PBXBuildFile; fileRef = 741C7ABF155E70230056AF55 /* nopainbutshameTests.m */; };
		747D715715BC62F9002C7482 /* clicktoBet.png in Resources */ = {isa = PBXBuildFile; fileRef = 747D715615BC62F9002C7482 /* clicktoBet.png */; };
		747ED21F15A1EBDF00F8F7CA /* slidetofold.png in Resources */ = {isa = PBXBuildFile; fileRef = 747ED21E15A1EBDF00F8F7CA /* slidetofold.png */; };
		74A567D8159C5DB8004224A0 /* botViewController.m in Sources */ = {isa = PBXBuildFile; fileRef = 74A567D7159C5DB8004224A0 /* botViewController.m */; };
		74A617EA15B48BBE001F3C25 /* 1.png in Resources */ = {isa = PBXBuildFile; fileRef = 74A617B615B48BBE001F3C25 /* 1.png */; };
		74A617EB15B48BBE001F3C25 /* 2.png in Resources */ = {isa = PBXBuildFile; fileRef = 74A617B715B48BBE001F3C25 /* 2.png */; };
		74A617EC15B48BBE001F3C25 /* 3.png in Resources */ = {isa = PBXBuildFile; fileRef = 74A617B815B48BBE001F3C25 /* 3.png */; };
		74A617ED15B48BBE001F3C25 /* 4.png in Resources */ = {isa = PBXBuildFile; fileRef = 74A617B915B48BBE001F3C25 /* 4.png */; };
		74A617EE15B48BBE001F3C25 /* 5.png in Resources */ = {isa = PBXBuildFile; fileRef = 74A617BA15B48BBE001F3C25 /* 5.png */; };
		74A617EF15B48BBE001F3C25 /* 6.png in Resources */ = {isa = PBXBuildFile; fileRef = 74A617BB15B48BBE001F3C25 /* 6.png */; };
		74A617F015B48BBE001F3C25 /* 7.png in Resources */ = {isa = PBXBuildFile; fileRef = 74A617BC15B48BBE001F3C25 /* 7.png */; };
		74A617F115B48BBE001F3C25 /* 8.png in Resources */ = {isa = PBXBuildFile; fileRef = 74A617BD15B48BBE001F3C25 /* 8.png */; };
		74A617F215B48BBE001F3C25 /* 9.png in Resources */ = {isa = PBXBuildFile; fileRef = 74A617BE15B48BBE001F3C25 /* 9.png */; };
		74A617F315B48BBE001F3C25 /* 10.png in Resources */ = {isa = PBXBuildFile; fileRef = 74A617BF15B48BBE001F3C25 /* 10.png */; };
		74A617F415B48BBE001F3C25 /* 11.png in Resources */ = {isa = PBXBuildFile; fileRef = 74A617C015B48BBE001F3C25 /* 11.png */; };
		74A617F515B48BBE001F3C25 /* 12.png in Resources */ = {isa = PBXBuildFile; fileRef = 74A617C115B48BBE001F3C25 /* 12.png */; };
		74A617F615B48BBE001F3C25 /* 13.png in Resources */ = {isa = PBXBuildFile; fileRef = 74A617C215B48BBE001F3C25 /* 13.png */; };
		74A617F715B48BBE001F3C25 /* 14.png in Resources */ = {isa = PBXBuildFile; fileRef = 74A617C315B48BBE001F3C25 /* 14.png */; };
		74A617F815B48BBE001F3C25 /* 15.png in Resources */ = {isa = PBXBuildFile; fileRef = 74A617C415B48BBE001F3C25 /* 15.png */; };
		74A617F915B48BBE001F3C25 /* 16.png in Resources */ = {isa = PBXBuildFile; fileRef = 74A617C515B48BBE001F3C25 /* 16.png */; };
		74A617FA15B48BBE001F3C25 /* 17.png in Resources */ = {isa = PBXBuildFile; fileRef = 74A617C615B48BBE001F3C25 /* 17.png */; };
		74A617FB15B48BBE001F3C25 /* 18.png in Resources */ = {isa = PBXBuildFile; fileRef = 74A617C715B48BBE001F3C25 /* 18.png */; };
		74A617FC15B48BBE001F3C25 /* 19.png in Resources */ = {isa = PBXBuildFile; fileRef = 74A617C815B48BBE001F3C25 /* 19.png */; };
		74A617FD15B48BBE001F3C25 /* 20.png in Resources */ = {isa = PBXBuildFile; fileRef = 74A617C915B48BBE001F3C25 /* 20.png */; };
		74A617FE15B48BBE001F3C25 /* 21.png in Resources */ = {isa = PBXBuildFile; fileRef = 74A617CA15B48BBE001F3C25 /* 21.png */; };
		74A617FF15B48BBE001F3C25 /* 22.png in Resources */ = {isa = PBXBuildFile; fileRef = 74A617CB15B48BBE001F3C25 /* 22.png */; };
		74A6180015B48BBE001F3C25 /* 23.png in Resources */ = {isa = PBXBuildFile; fileRef = 74A617CC15B48BBE001F3C25 /* 23.png */; };
		74A6180115B48BBE001F3C25 /* 24.png in Resources */ = {isa = PBXBuildFile; fileRef = 74A617CD15B48BBE001F3C25 /* 24.png */; };
		74A6180215B48BBE001F3C25 /* 25.png in Resources */ = {isa = PBXBuildFile; fileRef = 74A617CE15B48BBE001F3C25 /* 25.png */; };
		74A6180315B48BBE001F3C25 /* 26.png in Resources */ = {isa = PBXBuildFile; fileRef = 74A617CF15B48BBE001F3C25 /* 26.png */; };
		74A6180415B48BBE001F3C25 /* 27.png in Resources */ = {isa = PBXBuildFile; fileRef = 74A617D015B48BBE001F3C25 /* 27.png */; };
		74A6180515B48BBE001F3C25 /* 28.png in Resources */ = {isa = PBXBuildFile; fileRef = 74A617D115B48BBE001F3C25 /* 28.png */; };
		74A6180615B48BBE001F3C25 /* 29.png in Resources */ = {isa = PBXBuildFile; fileRef = 74A617D215B48BBE001F3C25 /* 29.png */; };
		74A6180715B48BBE001F3C25 /* 30.png in Resources */ = {isa = PBXBuildFile; fileRef = 74A617D315B48BBE001F3C25 /* 30.png */; };
		74A6180815B48BBE001F3C25 /* 31.png in Resources */ = {isa = PBXBuildFile; fileRef = 74A617D415B48BBE001F3C25 /* 31.png */; };
		74A6180915B48BBE001F3C25 /* 32.png in Resources */ = {isa = PBXBuildFile; fileRef = 74A617D515B48BBE001F3C25 /* 32.png */; };
		74A6180A15B48BBE001F3C25 /* 33.png in Resources */ = {isa = PBXBuildFile; fileRef = 74A617D615B48BBE001F3C25 /* 33.png */; };
		74A6180B15B48BBE001F3C25 /* 34.png in Resources */ = {isa = PBXBuildFile; fileRef = 74A617D715B48BBE001F3C25 /* 34.png */; };
		74A6180C15B48BBE001F3C25 /* 35.png in Resources */ = {isa = PBXBuildFile; fileRef = 74A617D815B48BBE001F3C25 /* 35.png */; };
		74A6180D15B48BBE001F3C25 /* 36.png in Resources */ = {isa = PBXBuildFile; fileRef = 74A617D915B48BBE001F3C25 /* 36.png */; };
		74A6180E15B48BBE001F3C25 /* 37.png in Resources */ = {isa = PBXBuildFile; fileRef = 74A617DA15B48BBE001F3C25 /* 37.png */; };
		74A6180F15B48BBE001F3C25 /* 38.png in Resources */ = {isa = PBXBuildFile; fileRef = 74A617DB15B48BBE001F3C25 /* 38.png */; };
		74A6181015B48BBE001F3C25 /* 39.png in Resources */ = {isa = PBXBuildFile; fileRef = 74A617DC15B48BBE001F3C25 /* 39.png */; };
		74A6181115B48BBE001F3C25 /* 40.png in Resources */ = {isa = PBXBuildFile; fileRef = 74A617DD15B48BBE001F3C25 /* 40.png */; };
		74A6181215B48BBE001F3C25 /* 41.png in Resources */ = {isa = PBXBuildFile; fileRef = 74A617DE15B48BBE001F3C25 /* 41.png */; };
		74A6181315B48BBE001F3C25 /* 42.png in Resources */ = {isa = PBXBuildFile; fileRef = 74A617DF15B48BBE001F3C25 /* 42.png */; };
		74A6181415B48BBE001F3C25 /* 43.png in Resources */ = {isa = PBXBuildFile; fileRef = 74A617E015B48BBE001F3C25 /* 43.png */; };
		74A6181515B48BBE001F3C25 /* 44.png in Resources */ = {isa = PBXBuildFile; fileRef = 74A617E115B48BBE001F3C25 /* 44.png */; };
		74A6181615B48BBE001F3C25 /* 45.png in Resources */ = {isa = PBXBuildFile; fileRef = 74A617E215B48BBE001F3C25 /* 45.png */; };
		74A6181715B48BBE001F3C25 /* 46.png in Resources */ = {isa = PBXBuildFile; fileRef = 74A617E315B48BBE001F3C25 /* 46.png */; };
		74A6181815B48BBE001F3C25 /* 47.png in Resources */ = {isa = PBXBuildFile; fileRef = 74A617E415B48BBE001F3C25 /* 47.png */; };
		74A6181915B48BBE001F3C25 /* 48.png in Resources */ = {isa = PBXBuildFile; fileRef = 74A617E515B48BBE001F3C25 /* 48.png */; };
		74A6181A15B48BBE001F3C25 /* 49.png in Resources */ = {isa = PBXBuildFile; fileRef = 74A617E615B48BBE001F3C25 /* 49.png */; };
		74A6181B15B48BBE001F3C25 /* 50.png in Resources */ = {isa = PBXBuildFile; fileRef = 74A617E715B48BBE001F3C25 /* 50.png */; };
		74A6181C15B48BBE001F3C25 /* 51.png in Resources */ = {isa = PBXBuildFile; fileRef = 74A617E815B48BBE001F3C25 /* 51.png */; };
		74A6181D15B48BBE001F3C25 /* 52.png in Resources */ = {isa = PBXBuildFile; fileRef = 74A617E915B48BBE001F3C25 /* 52.png */; };
		74B4FE4715927AC900462BD0 /* backofcards.png in Resources */ = {isa = PBXBuildFile; fileRef = 74B4FE1215927AC900462BD0 /* backofcards.png */; };
		74BDD6F015935AF600944FC8 /* pokerchip100.png in Resources */ = {isa = PBXBuildFile; fileRef = 74BDD6EE15935AF600944FC8 /* pokerchip100.png */; };
		74BDD6F61593665F00944FC8 /* pokerchip50.png in Resources */ = {isa = PBXBuildFile; fileRef = 74BDD6F51593665F00944FC8 /* pokerchip50.png */; };
		74BDD78D1593C3A200944FC8 /* backofcardsrechts.png in Resources */ = {isa = PBXBuildFile; fileRef = 74BDD7891593C3A200944FC8 /* backofcardsrechts.png */; };
		74BDD78E1593C3A200944FC8 /* backofcardsrechts2.png in Resources */ = {isa = PBXBuildFile; fileRef = 74BDD78A1593C3A200944FC8 /* backofcardsrechts2.png */; };
		74BDD78F1593C3A200944FC8 /* backofcardslinks2.png in Resources */ = {isa = PBXBuildFile; fileRef = 74BDD78B1593C3A200944FC8 /* backofcardslinks2.png */; };
		74BDD7901593C3A200944FC8 /* backofcardslinks.png in Resources */ = {isa = PBXBuildFile; fileRef = 74BDD78C1593C3A200944FC8 /* backofcardslinks.png */; };
		74E96606155EB83100C0486D /* SpielEnde.png in Resources */ = {isa = PBXBuildFile; fileRef = 74E965FF155EB83100C0486D /* SpielEnde.png */; };
		74E96607155EB83100C0486D /* InGameView.png in Resources */ = {isa = PBXBuildFile; fileRef = 74E96600155EB83100C0486D /* InGameView.png */; };
		74E96608155EB83100C0486D /* ViewMultiplayerLobby.png in Resources */ = {isa = PBXBuildFile; fileRef = 74E96601155EB83100C0486D /* ViewMultiplayerLobby.png */; };
		74E96609155EB83100C0486D /* ViewSingleplayer.png in Resources */ = {isa = PBXBuildFile; fileRef = 74E96602155EB83100C0486D /* ViewSingleplayer.png */; };
		74E9660A155EB83100C0486D /* ViewEinstellungenProfil.png in Resources */ = {isa = PBXBuildFile; fileRef = 74E96603155EB83100C0486D /* ViewEinstellungenProfil.png */; };
		74E9660B155EB83100C0486D /* ViewEinstellungenMain.png in Resources */ = {isa = PBXBuildFile; fileRef = 74E96604155EB83100C0486D /* ViewEinstellungenMain.png */; };
		74E9660C155EB83100C0486D /* ViewMain.png in Resources */ = {isa = PBXBuildFile; fileRef = 74E96605155EB83100C0486D /* ViewMain.png */; };
		74E9660F155EBFE600C0486D /* ViewMultiplayerOpengame.png in Resources */ = {isa = PBXBuildFile; fileRef = 74E9660E155EBFE600C0486D /* ViewMultiplayerOpengame.png */; };
		74E96612155EC42800C0486D /* IngameViewController.m in Sources */ = {isa = PBXBuildFile; fileRef = 74E96611155EC42800C0486D /* IngameViewController.m */; };
		74EAB26615930FBA0014CD4E /* MainStoryboard_iPhone.storyboard in Resources */ = {isa = PBXBuildFile; fileRef = 74EAB26515930FBA0014CD4E /* MainStoryboard_iPhone.storyboard */; };
		B73DFF001592587E009E92BD /* GameController.m in Sources */ = {isa = PBXBuildFile; fileRef = B73DFEFF1592587E009E92BD /* GameController.m */; };
		B7CC702B158DD48200FB563A /* GameKit.framework in Frameworks */ = {isa = PBXBuildFile; fileRef = B7CC702A158DD48100FB563A /* GameKit.framework */; };
		B7CC702C158DD67B00FB563A /* GCHelper.m in Sources */ = {isa = PBXBuildFile; fileRef = B7ACE152158CA81100EA6EF3 /* GCHelper.m */; };
		B7F8B3E9156BDD7000B817AB /* Player.m in Sources */ = {isa = PBXBuildFile; fileRef = B7F8B3E8156BDD7000B817AB /* Player.m */; };
/* End PBXBuildFile section */

/* Begin PBXContainerItemProxy section */
		741C7AB6155E70220056AF55 /* PBXContainerItemProxy */ = {
			isa = PBXContainerItemProxy;
			containerPortal = 741C7A84155E70210056AF55 /* Project object */;
			proxyType = 1;
			remoteGlobalIDString = 741C7A8C155E70210056AF55;
			remoteInfo = nopainbutshame;
		};
/* End PBXContainerItemProxy section */

/* Begin PBXFileReference section */
		10997A1315874D8E00895DBE /* PackOfCards.h */ = {isa = PBXFileReference; fileEncoding = 4; lastKnownFileType = sourcecode.c.h; path = PackOfCards.h; sourceTree = "<group>"; };
		10997A1415874D8E00895DBE /* PackOfCards.m */ = {isa = PBXFileReference; fileEncoding = 4; lastKnownFileType = sourcecode.c.objc; path = PackOfCards.m; sourceTree = "<group>"; };
		10F1130815A6545300FE1D1E /* icon.png */ = {isa = PBXFileReference; lastKnownFileType = image.png; path = icon.png; sourceTree = "<group>"; };
		17457F1515B6ADDA00035FAD /* pokertisch.png */ = {isa = PBXFileReference; lastKnownFileType = image.png; path = pokertisch.png; sourceTree = "<group>"; };
		7408493A15B4564200E3A0FF /* spieleinstellungen.h */ = {isa = PBXFileReference; fileEncoding = 4; lastKnownFileType = sourcecode.c.h; path = spieleinstellungen.h; sourceTree = "<group>"; };
		7408493B15B4564200E3A0FF /* spieleinstellungen.m */ = {isa = PBXFileReference; fileEncoding = 4; lastKnownFileType = sourcecode.c.objc; path = spieleinstellungen.m; sourceTree = "<group>"; };
		74164EC815B94B59004E44AB /* QuartzCore.framework */ = {isa = PBXFileReference; lastKnownFileType = wrapper.framework; name = QuartzCore.framework; path = System/Library/Frameworks/QuartzCore.framework; sourceTree = SDKROOT; };
		74164ECF15BC1309004E44AB /* leer.png */ = {isa = PBXFileReference; lastKnownFileType = image.png; path = leer.png; sourceTree = "<group>"; };
		741C3E9D1579181C0085C97E /* 1_Singleplayer.png */ = {isa = PBXFileReference; lastKnownFileType = image.png; path = 1_Singleplayer.png; sourceTree = "<group>"; };
		741C7A8D155E70210056AF55 /* nopainbutshame.app */ = {isa = PBXFileReference; explicitFileType = wrapper.application; includeInIndex = 0; path = nopainbutshame.app; sourceTree = BUILT_PRODUCTS_DIR; };
		741C7A91155E70210056AF55 /* UIKit.framework */ = {isa = PBXFileReference; lastKnownFileType = wrapper.framework; name = UIKit.framework; path = System/Library/Frameworks/UIKit.framework; sourceTree = SDKROOT; };
		741C7A93155E70210056AF55 /* Foundation.framework */ = {isa = PBXFileReference; lastKnownFileType = wrapper.framework; name = Foundation.framework; path = System/Library/Frameworks/Foundation.framework; sourceTree = SDKROOT; };
		741C7A95155E70210056AF55 /* CoreGraphics.framework */ = {isa = PBXFileReference; lastKnownFileType = wrapper.framework; name = CoreGraphics.framework; path = System/Library/Frameworks/CoreGraphics.framework; sourceTree = SDKROOT; };
		741C7A99155E70210056AF55 /* nopainbutshame-Info.plist */ = {isa = PBXFileReference; lastKnownFileType = text.plist.xml; path = "nopainbutshame-Info.plist"; sourceTree = "<group>"; };
		741C7A9B155E70210056AF55 /* en */ = {isa = PBXFileReference; lastKnownFileType = text.plist.strings; name = en; path = en.lproj/InfoPlist.strings; sourceTree = "<group>"; };
		741C7A9D155E70210056AF55 /* main.m */ = {isa = PBXFileReference; lastKnownFileType = sourcecode.c.objc; path = main.m; sourceTree = "<group>"; };
		741C7A9F155E70210056AF55 /* nopainbutshame-Prefix.pch */ = {isa = PBXFileReference; lastKnownFileType = sourcecode.c.h; path = "nopainbutshame-Prefix.pch"; sourceTree = "<group>"; };
		741C7AA0155E70210056AF55 /* AppDelegate.h */ = {isa = PBXFileReference; lastKnownFileType = sourcecode.c.h; path = AppDelegate.h; sourceTree = "<group>"; };
		741C7AA1155E70210056AF55 /* AppDelegate.m */ = {isa = PBXFileReference; lastKnownFileType = sourcecode.c.objc; path = AppDelegate.m; sourceTree = "<group>"; };
		741C7AA7155E70220056AF55 /* en */ = {isa = PBXFileReference; lastKnownFileType = file.storyboard; name = en; path = en.lproj/MainStoryboard_iPad.storyboard; sourceTree = "<group>"; };
		741C7AA9155E70220056AF55 /* ViewController.h */ = {isa = PBXFileReference; lastKnownFileType = sourcecode.c.h; path = ViewController.h; sourceTree = "<group>"; };
		741C7AAA155E70220056AF55 /* ViewController.m */ = {isa = PBXFileReference; lastKnownFileType = sourcecode.c.objc; path = ViewController.m; sourceTree = "<group>"; };
		741C7AB1155E70220056AF55 /* nopainbutshameTests.octest */ = {isa = PBXFileReference; explicitFileType = wrapper.cfbundle; includeInIndex = 0; path = nopainbutshameTests.octest; sourceTree = BUILT_PRODUCTS_DIR; };
		741C7AB2155E70220056AF55 /* SenTestingKit.framework */ = {isa = PBXFileReference; lastKnownFileType = wrapper.framework; name = SenTestingKit.framework; path = Library/Frameworks/SenTestingKit.framework; sourceTree = DEVELOPER_DIR; };
		741C7ABA155E70220056AF55 /* nopainbutshameTests-Info.plist */ = {isa = PBXFileReference; lastKnownFileType = text.plist.xml; path = "nopainbutshameTests-Info.plist"; sourceTree = "<group>"; };
		741C7ABC155E70220056AF55 /* en */ = {isa = PBXFileReference; lastKnownFileType = text.plist.strings; name = en; path = en.lproj/InfoPlist.strings; sourceTree = "<group>"; };
		741C7ABE155E70230056AF55 /* nopainbutshameTests.h */ = {isa = PBXFileReference; lastKnownFileType = sourcecode.c.h; path = nopainbutshameTests.h; sourceTree = "<group>"; };
		741C7ABF155E70230056AF55 /* nopainbutshameTests.m */ = {isa = PBXFileReference; lastKnownFileType = sourcecode.c.objc; path = nopainbutshameTests.m; sourceTree = "<group>"; };
		747D715615BC62F9002C7482 /* clicktoBet.png */ = {isa = PBXFileReference; lastKnownFileType = image.png; path = clicktoBet.png; sourceTree = "<group>"; };
		747ED21E15A1EBDF00F8F7CA /* slidetofold.png */ = {isa = PBXFileReference; lastKnownFileType = image.png; path = slidetofold.png; sourceTree = "<group>"; };
		74A567D6159C5DB8004224A0 /* botViewController.h */ = {isa = PBXFileReference; fileEncoding = 4; lastKnownFileType = sourcecode.c.h; path = botViewController.h; sourceTree = "<group>"; };
		74A567D7159C5DB8004224A0 /* botViewController.m */ = {isa = PBXFileReference; fileEncoding = 4; lastKnownFileType = sourcecode.c.objc; path = botViewController.m; sourceTree = "<group>"; };
		74A617B615B48BBE001F3C25 /* 1.png */ = {isa = PBXFileReference; lastKnownFileType = image.png; path = 1.png; sourceTree = "<group>"; };
		74A617B715B48BBE001F3C25 /* 2.png */ = {isa = PBXFileReference; lastKnownFileType = image.png; path = 2.png; sourceTree = "<group>"; };
		74A617B815B48BBE001F3C25 /* 3.png */ = {isa = PBXFileReference; lastKnownFileType = image.png; path = 3.png; sourceTree = "<group>"; };
		74A617B915B48BBE001F3C25 /* 4.png */ = {isa = PBXFileReference; lastKnownFileType = image.png; path = 4.png; sourceTree = "<group>"; };
		74A617BA15B48BBE001F3C25 /* 5.png */ = {isa = PBXFileReference; lastKnownFileType = image.png; path = 5.png; sourceTree = "<group>"; };
		74A617BB15B48BBE001F3C25 /* 6.png */ = {isa = PBXFileReference; lastKnownFileType = image.png; path = 6.png; sourceTree = "<group>"; };
		74A617BC15B48BBE001F3C25 /* 7.png */ = {isa = PBXFileReference; lastKnownFileType = image.png; path = 7.png; sourceTree = "<group>"; };
		74A617BD15B48BBE001F3C25 /* 8.png */ = {isa = PBXFileReference; lastKnownFileType = image.png; path = 8.png; sourceTree = "<group>"; };
		74A617BE15B48BBE001F3C25 /* 9.png */ = {isa = PBXFileReference; lastKnownFileType = image.png; path = 9.png; sourceTree = "<group>"; };
		74A617BF15B48BBE001F3C25 /* 10.png */ = {isa = PBXFileReference; lastKnownFileType = image.png; path = 10.png; sourceTree = "<group>"; };
		74A617C015B48BBE001F3C25 /* 11.png */ = {isa = PBXFileReference; lastKnownFileType = image.png; path = 11.png; sourceTree = "<group>"; };
		74A617C115B48BBE001F3C25 /* 12.png */ = {isa = PBXFileReference; lastKnownFileType = image.png; path = 12.png; sourceTree = "<group>"; };
		74A617C215B48BBE001F3C25 /* 13.png */ = {isa = PBXFileReference; lastKnownFileType = image.png; path = 13.png; sourceTree = "<group>"; };
		74A617C315B48BBE001F3C25 /* 14.png */ = {isa = PBXFileReference; lastKnownFileType = image.png; path = 14.png; sourceTree = "<group>"; };
		74A617C415B48BBE001F3C25 /* 15.png */ = {isa = PBXFileReference; lastKnownFileType = image.png; path = 15.png; sourceTree = "<group>"; };
		74A617C515B48BBE001F3C25 /* 16.png */ = {isa = PBXFileReference; lastKnownFileType = image.png; path = 16.png; sourceTree = "<group>"; };
		74A617C615B48BBE001F3C25 /* 17.png */ = {isa = PBXFileReference; lastKnownFileType = image.png; path = 17.png; sourceTree = "<group>"; };
		74A617C715B48BBE001F3C25 /* 18.png */ = {isa = PBXFileReference; lastKnownFileType = image.png; path = 18.png; sourceTree = "<group>"; };
		74A617C815B48BBE001F3C25 /* 19.png */ = {isa = PBXFileReference; lastKnownFileType = image.png; path = 19.png; sourceTree = "<group>"; };
		74A617C915B48BBE001F3C25 /* 20.png */ = {isa = PBXFileReference; lastKnownFileType = image.png; path = 20.png; sourceTree = "<group>"; };
		74A617CA15B48BBE001F3C25 /* 21.png */ = {isa = PBXFileReference; lastKnownFileType = image.png; path = 21.png; sourceTree = "<group>"; };
		74A617CB15B48BBE001F3C25 /* 22.png */ = {isa = PBXFileReference; lastKnownFileType = image.png; path = 22.png; sourceTree = "<group>"; };
		74A617CC15B48BBE001F3C25 /* 23.png */ = {isa = PBXFileReference; lastKnownFileType = image.png; path = 23.png; sourceTree = "<group>"; };
		74A617CD15B48BBE001F3C25 /* 24.png */ = {isa = PBXFileReference; lastKnownFileType = image.png; path = 24.png; sourceTree = "<group>"; };
		74A617CE15B48BBE001F3C25 /* 25.png */ = {isa = PBXFileReference; lastKnownFileType = image.png; path = 25.png; sourceTree = "<group>"; };
		74A617CF15B48BBE001F3C25 /* 26.png */ = {isa = PBXFileReference; lastKnownFileType = image.png; path = 26.png; sourceTree = "<group>"; };
		74A617D015B48BBE001F3C25 /* 27.png */ = {isa = PBXFileReference; lastKnownFileType = image.png; path = 27.png; sourceTree = "<group>"; };
		74A617D115B48BBE001F3C25 /* 28.png */ = {isa = PBXFileReference; lastKnownFileType = image.png; path = 28.png; sourceTree = "<group>"; };
		74A617D215B48BBE001F3C25 /* 29.png */ = {isa = PBXFileReference; lastKnownFileType = image.png; path = 29.png; sourceTree = "<group>"; };
		74A617D315B48BBE001F3C25 /* 30.png */ = {isa = PBXFileReference; lastKnownFileType = image.png; path = 30.png; sourceTree = "<group>"; };
		74A617D415B48BBE001F3C25 /* 31.png */ = {isa = PBXFileReference; lastKnownFileType = image.png; path = 31.png; sourceTree = "<group>"; };
		74A617D515B48BBE001F3C25 /* 32.png */ = {isa = PBXFileReference; lastKnownFileType = image.png; path = 32.png; sourceTree = "<group>"; };
		74A617D615B48BBE001F3C25 /* 33.png */ = {isa = PBXFileReference; lastKnownFileType = image.png; path = 33.png; sourceTree = "<group>"; };
		74A617D715B48BBE001F3C25 /* 34.png */ = {isa = PBXFileReference; lastKnownFileType = image.png; path = 34.png; sourceTree = "<group>"; };
		74A617D815B48BBE001F3C25 /* 35.png */ = {isa = PBXFileReference; lastKnownFileType = image.png; path = 35.png; sourceTree = "<group>"; };
		74A617D915B48BBE001F3C25 /* 36.png */ = {isa = PBXFileReference; lastKnownFileType = image.png; path = 36.png; sourceTree = "<group>"; };
		74A617DA15B48BBE001F3C25 /* 37.png */ = {isa = PBXFileReference; lastKnownFileType = image.png; path = 37.png; sourceTree = "<group>"; };
		74A617DB15B48BBE001F3C25 /* 38.png */ = {isa = PBXFileReference; lastKnownFileType = image.png; path = 38.png; sourceTree = "<group>"; };
		74A617DC15B48BBE001F3C25 /* 39.png */ = {isa = PBXFileReference; lastKnownFileType = image.png; path = 39.png; sourceTree = "<group>"; };
		74A617DD15B48BBE001F3C25 /* 40.png */ = {isa = PBXFileReference; lastKnownFileType = image.png; path = 40.png; sourceTree = "<group>"; };
		74A617DE15B48BBE001F3C25 /* 41.png */ = {isa = PBXFileReference; lastKnownFileType = image.png; path = 41.png; sourceTree = "<group>"; };
		74A617DF15B48BBE001F3C25 /* 42.png */ = {isa = PBXFileReference; lastKnownFileType = image.png; path = 42.png; sourceTree = "<group>"; };
		74A617E015B48BBE001F3C25 /* 43.png */ = {isa = PBXFileReference; lastKnownFileType = image.png; path = 43.png; sourceTree = "<group>"; };
		74A617E115B48BBE001F3C25 /* 44.png */ = {isa = PBXFileReference; lastKnownFileType = image.png; path = 44.png; sourceTree = "<group>"; };
		74A617E215B48BBE001F3C25 /* 45.png */ = {isa = PBXFileReference; lastKnownFileType = image.png; path = 45.png; sourceTree = "<group>"; };
		74A617E315B48BBE001F3C25 /* 46.png */ = {isa = PBXFileReference; lastKnownFileType = image.png; path = 46.png; sourceTree = "<group>"; };
		74A617E415B48BBE001F3C25 /* 47.png */ = {isa = PBXFileReference; lastKnownFileType = image.png; path = 47.png; sourceTree = "<group>"; };
		74A617E515B48BBE001F3C25 /* 48.png */ = {isa = PBXFileReference; lastKnownFileType = image.png; path = 48.png; sourceTree = "<group>"; };
		74A617E615B48BBE001F3C25 /* 49.png */ = {isa = PBXFileReference; lastKnownFileType = image.png; path = 49.png; sourceTree = "<group>"; };
		74A617E715B48BBE001F3C25 /* 50.png */ = {isa = PBXFileReference; lastKnownFileType = image.png; path = 50.png; sourceTree = "<group>"; };
		74A617E815B48BBE001F3C25 /* 51.png */ = {isa = PBXFileReference; lastKnownFileType = image.png; path = 51.png; sourceTree = "<group>"; };
		74A617E915B48BBE001F3C25 /* 52.png */ = {isa = PBXFileReference; lastKnownFileType = image.png; path = 52.png; sourceTree = "<group>"; };
		74B4FE1215927AC900462BD0 /* backofcards.png */ = {isa = PBXFileReference; lastKnownFileType = image.png; path = backofcards.png; sourceTree = "<group>"; };
		74BDD6EE15935AF600944FC8 /* pokerchip100.png */ = {isa = PBXFileReference; lastKnownFileType = image.png; path = pokerchip100.png; sourceTree = "<group>"; };
		74BDD6F51593665F00944FC8 /* pokerchip50.png */ = {isa = PBXFileReference; lastKnownFileType = image.png; path = pokerchip50.png; sourceTree = "<group>"; };
		74BDD7891593C3A200944FC8 /* backofcardsrechts.png */ = {isa = PBXFileReference; lastKnownFileType = image.png; path = backofcardsrechts.png; sourceTree = "<group>"; };
		74BDD78A1593C3A200944FC8 /* backofcardsrechts2.png */ = {isa = PBXFileReference; lastKnownFileType = image.png; path = backofcardsrechts2.png; sourceTree = "<group>"; };
		74BDD78B1593C3A200944FC8 /* backofcardslinks2.png */ = {isa = PBXFileReference; lastKnownFileType = image.png; path = backofcardslinks2.png; sourceTree = "<group>"; };
		74BDD78C1593C3A200944FC8 /* backofcardslinks.png */ = {isa = PBXFileReference; lastKnownFileType = image.png; path = backofcardslinks.png; sourceTree = "<group>"; };
		74E965FF155EB83100C0486D /* SpielEnde.png */ = {isa = PBXFileReference; lastKnownFileType = image.png; path = SpielEnde.png; sourceTree = "<group>"; };
		74E96600155EB83100C0486D /* InGameView.png */ = {isa = PBXFileReference; lastKnownFileType = image.png; path = InGameView.png; sourceTree = "<group>"; };
		74E96601155EB83100C0486D /* ViewMultiplayerLobby.png */ = {isa = PBXFileReference; lastKnownFileType = image.png; path = ViewMultiplayerLobby.png; sourceTree = "<group>"; };
		74E96602155EB83100C0486D /* ViewSingleplayer.png */ = {isa = PBXFileReference; lastKnownFileType = image.png; path = ViewSingleplayer.png; sourceTree = "<group>"; };
		74E96603155EB83100C0486D /* ViewEinstellungenProfil.png */ = {isa = PBXFileReference; lastKnownFileType = image.png; path = ViewEinstellungenProfil.png; sourceTree = "<group>"; };
		74E96604155EB83100C0486D /* ViewEinstellungenMain.png */ = {isa = PBXFileReference; lastKnownFileType = image.png; path = ViewEinstellungenMain.png; sourceTree = "<group>"; };
		74E96605155EB83100C0486D /* ViewMain.png */ = {isa = PBXFileReference; lastKnownFileType = image.png; path = ViewMain.png; sourceTree = "<group>"; };
		74E9660E155EBFE600C0486D /* ViewMultiplayerOpengame.png */ = {isa = PBXFileReference; lastKnownFileType = image.png; path = ViewMultiplayerOpengame.png; sourceTree = "<group>"; };
		74E96610155EC42800C0486D /* IngameViewController.h */ = {isa = PBXFileReference; fileEncoding = 4; lastKnownFileType = sourcecode.c.h; path = IngameViewController.h; sourceTree = "<group>"; };
		74E96611155EC42800C0486D /* IngameViewController.m */ = {isa = PBXFileReference; fileEncoding = 4; lastKnownFileType = sourcecode.c.objc; path = IngameViewController.m; sourceTree = "<group>"; };
		74EAB26515930FBA0014CD4E /* MainStoryboard_iPhone.storyboard */ = {isa = PBXFileReference; fileEncoding = 4; lastKnownFileType = file.storyboard; path = MainStoryboard_iPhone.storyboard; sourceTree = "<group>"; };
		B73DFEFE1592587E009E92BD /* GameController.h */ = {isa = PBXFileReference; fileEncoding = 4; lastKnownFileType = sourcecode.c.h; path = GameController.h; sourceTree = "<group>"; };
		B73DFEFF1592587E009E92BD /* GameController.m */ = {isa = PBXFileReference; fileEncoding = 4; lastKnownFileType = sourcecode.c.objc; path = GameController.m; sourceTree = "<group>"; };
		B7ACE151158CA81100EA6EF3 /* GCHelper.h */ = {isa = PBXFileReference; fileEncoding = 4; lastKnownFileType = sourcecode.c.h; path = GCHelper.h; sourceTree = "<group>"; };
		B7ACE152158CA81100EA6EF3 /* GCHelper.m */ = {isa = PBXFileReference; fileEncoding = 4; lastKnownFileType = sourcecode.c.objc; path = GCHelper.m; sourceTree = "<group>"; };
		B7CC702A158DD48100FB563A /* GameKit.framework */ = {isa = PBXFileReference; lastKnownFileType = wrapper.framework; name = GameKit.framework; path = System/Library/Frameworks/GameKit.framework; sourceTree = SDKROOT; };
		B7F8B3E7156BDD7000B817AB /* Player.h */ = {isa = PBXFileReference; fileEncoding = 4; lastKnownFileType = sourcecode.c.h; path = Player.h; sourceTree = "<group>"; };
		B7F8B3E8156BDD7000B817AB /* Player.m */ = {isa = PBXFileReference; fileEncoding = 4; lastKnownFileType = sourcecode.c.objc; path = Player.m; sourceTree = "<group>"; };
/* End PBXFileReference section */

/* Begin PBXFrameworksBuildPhase section */
		741C7A8A155E70210056AF55 /* Frameworks */ = {
			isa = PBXFrameworksBuildPhase;
			buildActionMask = 2147483647;
			files = (
				74164EC915B94B59004E44AB /* QuartzCore.framework in Frameworks */,
				B7CC702B158DD48200FB563A /* GameKit.framework in Frameworks */,
				741C7A92155E70210056AF55 /* UIKit.framework in Frameworks */,
				741C7A94155E70210056AF55 /* Foundation.framework in Frameworks */,
				741C7A96155E70210056AF55 /* CoreGraphics.framework in Frameworks */,
			);
			runOnlyForDeploymentPostprocessing = 0;
		};
		741C7AAD155E70220056AF55 /* Frameworks */ = {
			isa = PBXFrameworksBuildPhase;
			buildActionMask = 2147483647;
			files = (
				741C7AB3155E70220056AF55 /* SenTestingKit.framework in Frameworks */,
				741C7AB4155E70220056AF55 /* UIKit.framework in Frameworks */,
				741C7AB5155E70220056AF55 /* Foundation.framework in Frameworks */,
			);
			runOnlyForDeploymentPostprocessing = 0;
		};
/* End PBXFrameworksBuildPhase section */

/* Begin PBXGroup section */
		741C7A82155E70210056AF55 = {
			isa = PBXGroup;
			children = (
				741C7A97155E70210056AF55 /* nopainbutshame */,
				741C7AB8155E70220056AF55 /* nopainbutshameTests */,
				741C7A90155E70210056AF55 /* Frameworks */,
				741C7A8E155E70210056AF55 /* Products */,
			);
			sourceTree = "<group>";
		};
		741C7A8E155E70210056AF55 /* Products */ = {
			isa = PBXGroup;
			children = (
				741C7A8D155E70210056AF55 /* nopainbutshame.app */,
				741C7AB1155E70220056AF55 /* nopainbutshameTests.octest */,
			);
			name = Products;
			sourceTree = "<group>";
		};
		741C7A90155E70210056AF55 /* Frameworks */ = {
			isa = PBXGroup;
			children = (
				74164EC815B94B59004E44AB /* QuartzCore.framework */,
				B7CC702A158DD48100FB563A /* GameKit.framework */,
				741C7A91155E70210056AF55 /* UIKit.framework */,
				741C7A93155E70210056AF55 /* Foundation.framework */,
				741C7A95155E70210056AF55 /* CoreGraphics.framework */,
				741C7AB2155E70220056AF55 /* SenTestingKit.framework */,
			);
			name = Frameworks;
			sourceTree = "<group>";
		};
		741C7A97155E70210056AF55 /* nopainbutshame */ = {
			isa = PBXGroup;
			children = (
				741C7AA0155E70210056AF55 /* AppDelegate.h */,
				B7ACE151158CA81100EA6EF3 /* GCHelper.h */,
				B7ACE152158CA81100EA6EF3 /* GCHelper.m */,
				74E96610155EC42800C0486D /* IngameViewController.h */,
				74E96611155EC42800C0486D /* IngameViewController.m */,
				741C7AA1155E70210056AF55 /* AppDelegate.m */,
				741C7AA1155E70210056AF55 /* AppDelegate.m */,
				74EAB26515930FBA0014CD4E /* MainStoryboard_iPhone.storyboard */,
				741C7AA6155E70220056AF55 /* MainStoryboard_iPad.storyboard */,
				10997A1315874D8E00895DBE /* PackOfCards.h */,
				10997A1415874D8E00895DBE /* PackOfCards.m */,
				741C7AA9155E70220056AF55 /* ViewController.h */,
				741C7AAA155E70220056AF55 /* ViewController.m */,
				B7F8B3E7156BDD7000B817AB /* Player.h */,
				B7F8B3E8156BDD7000B817AB /* Player.m */,
				B73DFEFE1592587E009E92BD /* GameController.h */,
				B73DFEFF1592587E009E92BD /* GameController.m */,
				74A567D6159C5DB8004224A0 /* botViewController.h */,
				74A567D7159C5DB8004224A0 /* botViewController.m */,
				7408493A15B4564200E3A0FF /* spieleinstellungen.h */,
				7408493B15B4564200E3A0FF /* spieleinstellungen.m */,
				741C7A98155E70210056AF55 /* Supporting Files */,
			);
			path = nopainbutshame;
			sourceTree = "<group>";
		};
		741C7A98155E70210056AF55 /* Supporting Files */ = {
			isa = PBXGroup;
			children = (
				747D715615BC62F9002C7482 /* clicktoBet.png */,
				74164ECF15BC1309004E44AB /* leer.png */,
				17457F1515B6ADDA00035FAD /* pokertisch.png */,
				10F1130815A6545300FE1D1E /* icon.png */,
				747ED21E15A1EBDF00F8F7CA /* slidetofold.png */,
				74BDD7171593A79D00944FC8 /* backofcards */,
				74B4FE1015927AA000462BD0 /* SetofCards */,
				741C3E9D1579181C0085C97E /* 1_Singleplayer.png */,
				74E9660E155EBFE600C0486D /* ViewMultiplayerOpengame.png */,
				74E965FF155EB83100C0486D /* SpielEnde.png */,
				74E96600155EB83100C0486D /* InGameView.png */,
				74E96601155EB83100C0486D /* ViewMultiplayerLobby.png */,
				74E96602155EB83100C0486D /* ViewSingleplayer.png */,
				74E96603155EB83100C0486D /* ViewEinstellungenProfil.png */,
				74E96604155EB83100C0486D /* ViewEinstellungenMain.png */,
				74E96605155EB83100C0486D /* ViewMain.png */,
				741C7A99155E70210056AF55 /* nopainbutshame-Info.plist */,
				741C7A9A155E70210056AF55 /* InfoPlist.strings */,
				741C7A9D155E70210056AF55 /* main.m */,
				741C7A9F155E70210056AF55 /* nopainbutshame-Prefix.pch */,
			);
			name = "Supporting Files";
			sourceTree = "<group>";
		};
		741C7AB8155E70220056AF55 /* nopainbutshameTests */ = {
			isa = PBXGroup;
			children = (
				741C7ABE155E70230056AF55 /* nopainbutshameTests.h */,
				741C7ABF155E70230056AF55 /* nopainbutshameTests.m */,
				741C7AB9155E70220056AF55 /* Supporting Files */,
			);
			path = nopainbutshameTests;
			sourceTree = "<group>";
		};
		741C7AB9155E70220056AF55 /* Supporting Files */ = {
			isa = PBXGroup;
			children = (
				741C7ABA155E70220056AF55 /* nopainbutshameTests-Info.plist */,
				741C7ABB155E70220056AF55 /* InfoPlist.strings */,
			);
			name = "Supporting Files";
			sourceTree = "<group>";
		};
		74B4FE1015927AA000462BD0 /* SetofCards */ = {
			isa = PBXGroup;
			children = (
				74A617B615B48BBE001F3C25 /* 1.png */,
				74A617B715B48BBE001F3C25 /* 2.png */,
				74A617B815B48BBE001F3C25 /* 3.png */,
				74A617B915B48BBE001F3C25 /* 4.png */,
				74A617BA15B48BBE001F3C25 /* 5.png */,
				74A617BB15B48BBE001F3C25 /* 6.png */,
				74A617BC15B48BBE001F3C25 /* 7.png */,
				74A617BD15B48BBE001F3C25 /* 8.png */,
				74A617BE15B48BBE001F3C25 /* 9.png */,
				74A617BF15B48BBE001F3C25 /* 10.png */,
				74A617C015B48BBE001F3C25 /* 11.png */,
				74A617C115B48BBE001F3C25 /* 12.png */,
				74A617C215B48BBE001F3C25 /* 13.png */,
				74A617C315B48BBE001F3C25 /* 14.png */,
				74A617C415B48BBE001F3C25 /* 15.png */,
				74A617C515B48BBE001F3C25 /* 16.png */,
				74A617C615B48BBE001F3C25 /* 17.png */,
				74A617C715B48BBE001F3C25 /* 18.png */,
				74A617C815B48BBE001F3C25 /* 19.png */,
				74A617C915B48BBE001F3C25 /* 20.png */,
				74A617CA15B48BBE001F3C25 /* 21.png */,
				74A617CB15B48BBE001F3C25 /* 22.png */,
				74A617CC15B48BBE001F3C25 /* 23.png */,
				74A617CD15B48BBE001F3C25 /* 24.png */,
				74A617CE15B48BBE001F3C25 /* 25.png */,
				74A617CF15B48BBE001F3C25 /* 26.png */,
				74A617D015B48BBE001F3C25 /* 27.png */,
				74A617D115B48BBE001F3C25 /* 28.png */,
				74A617D215B48BBE001F3C25 /* 29.png */,
				74A617D315B48BBE001F3C25 /* 30.png */,
				74A617D415B48BBE001F3C25 /* 31.png */,
				74A617D515B48BBE001F3C25 /* 32.png */,
				74A617D615B48BBE001F3C25 /* 33.png */,
				74A617D715B48BBE001F3C25 /* 34.png */,
				74A617D815B48BBE001F3C25 /* 35.png */,
				74A617D915B48BBE001F3C25 /* 36.png */,
				74A617DA15B48BBE001F3C25 /* 37.png */,
				74A617DB15B48BBE001F3C25 /* 38.png */,
				74A617DC15B48BBE001F3C25 /* 39.png */,
				74A617DD15B48BBE001F3C25 /* 40.png */,
				74A617DE15B48BBE001F3C25 /* 41.png */,
				74A617DF15B48BBE001F3C25 /* 42.png */,
				74A617E015B48BBE001F3C25 /* 43.png */,
				74A617E115B48BBE001F3C25 /* 44.png */,
				74A617E215B48BBE001F3C25 /* 45.png */,
				74A617E315B48BBE001F3C25 /* 46.png */,
				74A617E415B48BBE001F3C25 /* 47.png */,
				74A617E515B48BBE001F3C25 /* 48.png */,
				74A617E615B48BBE001F3C25 /* 49.png */,
				74A617E715B48BBE001F3C25 /* 50.png */,
				74A617E815B48BBE001F3C25 /* 51.png */,
				74A617E915B48BBE001F3C25 /* 52.png */,
			);
			name = SetofCards;
			sourceTree = "<group>";
		};
		74BDD7171593A79D00944FC8 /* backofcards */ = {
			isa = PBXGroup;
			children = (
				74BDD7891593C3A200944FC8 /* backofcardsrechts.png */,
				74BDD78A1593C3A200944FC8 /* backofcardsrechts2.png */,
				74BDD78B1593C3A200944FC8 /* backofcardslinks2.png */,
				74BDD78C1593C3A200944FC8 /* backofcardslinks.png */,
				74BDD6F51593665F00944FC8 /* pokerchip50.png */,
				74BDD6EE15935AF600944FC8 /* pokerchip100.png */,
				74B4FE1215927AC900462BD0 /* backofcards.png */,
			);
			name = backofcards;
			sourceTree = "<group>";
		};
/* End PBXGroup section */

/* Begin PBXNativeTarget section */
		741C7A8C155E70210056AF55 /* nopainbutshame */ = {
			isa = PBXNativeTarget;
			buildConfigurationList = 741C7AC3155E70230056AF55 /* Build configuration list for PBXNativeTarget "nopainbutshame" */;
			buildPhases = (
				741C7A89155E70210056AF55 /* Sources */,
				741C7A8A155E70210056AF55 /* Frameworks */,
				741C7A8B155E70210056AF55 /* Resources */,
			);
			buildRules = (
			);
			dependencies = (
			);
			name = nopainbutshame;
			productName = nopainbutshame;
			productReference = 741C7A8D155E70210056AF55 /* nopainbutshame.app */;
			productType = "com.apple.product-type.application";
		};
		741C7AB0155E70220056AF55 /* nopainbutshameTests */ = {
			isa = PBXNativeTarget;
			buildConfigurationList = 741C7AC6155E70230056AF55 /* Build configuration list for PBXNativeTarget "nopainbutshameTests" */;
			buildPhases = (
				741C7AAC155E70220056AF55 /* Sources */,
				741C7AAD155E70220056AF55 /* Frameworks */,
				741C7AAE155E70220056AF55 /* Resources */,
				741C7AAF155E70220056AF55 /* ShellScript */,
			);
			buildRules = (
			);
			dependencies = (
				741C7AB7155E70220056AF55 /* PBXTargetDependency */,
			);
			name = nopainbutshameTests;
			productName = nopainbutshameTests;
			productReference = 741C7AB1155E70220056AF55 /* nopainbutshameTests.octest */;
			productType = "com.apple.product-type.bundle";
		};
/* End PBXNativeTarget section */

/* Begin PBXProject section */
		741C7A84155E70210056AF55 /* Project object */ = {
			isa = PBXProject;
			attributes = {
				LastUpgradeCheck = 0430;
			};
			buildConfigurationList = 741C7A87155E70210056AF55 /* Build configuration list for PBXProject "nopainbutshame" */;
			compatibilityVersion = "Xcode 3.2";
			developmentRegion = English;
			hasScannedForEncodings = 0;
			knownRegions = (
				en,
			);
			mainGroup = 741C7A82155E70210056AF55;
			productRefGroup = 741C7A8E155E70210056AF55 /* Products */;
			projectDirPath = "";
			projectRoot = "";
			targets = (
				741C7A8C155E70210056AF55 /* nopainbutshame */,
				741C7AB0155E70220056AF55 /* nopainbutshameTests */,
			);
		};
/* End PBXProject section */

/* Begin PBXResourcesBuildPhase section */
		741C7A8B155E70210056AF55 /* Resources */ = {
			isa = PBXResourcesBuildPhase;
			buildActionMask = 2147483647;
			files = (
				741C7A9C155E70210056AF55 /* InfoPlist.strings in Resources */,
				741C7AA8155E70220056AF55 /* MainStoryboard_iPad.storyboard in Resources */,
				74E96606155EB83100C0486D /* SpielEnde.png in Resources */,
				74E96607155EB83100C0486D /* InGameView.png in Resources */,
				74E96608155EB83100C0486D /* ViewMultiplayerLobby.png in Resources */,
				74E96609155EB83100C0486D /* ViewSingleplayer.png in Resources */,
				74E9660A155EB83100C0486D /* ViewEinstellungenProfil.png in Resources */,
				74E9660B155EB83100C0486D /* ViewEinstellungenMain.png in Resources */,
				74E9660C155EB83100C0486D /* ViewMain.png in Resources */,
				74E9660F155EBFE600C0486D /* ViewMultiplayerOpengame.png in Resources */,
				741C3E9E1579181C0085C97E /* 1_Singleplayer.png in Resources */,
				74B4FE4715927AC900462BD0 /* backofcards.png in Resources */,
				74EAB26615930FBA0014CD4E /* MainStoryboard_iPhone.storyboard in Resources */,
				74BDD6F015935AF600944FC8 /* pokerchip100.png in Resources */,
				74BDD6F61593665F00944FC8 /* pokerchip50.png in Resources */,
				74BDD78D1593C3A200944FC8 /* backofcardsrechts.png in Resources */,
				74BDD78E1593C3A200944FC8 /* backofcardsrechts2.png in Resources */,
				74BDD78F1593C3A200944FC8 /* backofcardslinks2.png in Resources */,
				74BDD7901593C3A200944FC8 /* backofcardslinks.png in Resources */,
				747ED21F15A1EBDF00F8F7CA /* slidetofold.png in Resources */,
				10F1130915A6545300FE1D1E /* icon.png in Resources */,
				74A617EA15B48BBE001F3C25 /* 1.png in Resources */,
				74A617EB15B48BBE001F3C25 /* 2.png in Resources */,
				74A617EC15B48BBE001F3C25 /* 3.png in Resources */,
				74A617ED15B48BBE001F3C25 /* 4.png in Resources */,
				74A617EE15B48BBE001F3C25 /* 5.png in Resources */,
				74A617EF15B48BBE001F3C25 /* 6.png in Resources */,
				74A617F015B48BBE001F3C25 /* 7.png in Resources */,
				74A617F115B48BBE001F3C25 /* 8.png in Resources */,
				74A617F215B48BBE001F3C25 /* 9.png in Resources */,
				74A617F315B48BBE001F3C25 /* 10.png in Resources */,
				74A617F415B48BBE001F3C25 /* 11.png in Resources */,
				74A617F515B48BBE001F3C25 /* 12.png in Resources */,
				74A617F615B48BBE001F3C25 /* 13.png in Resources */,
				74A617F715B48BBE001F3C25 /* 14.png in Resources */,
				74A617F815B48BBE001F3C25 /* 15.png in Resources */,
				74A617F915B48BBE001F3C25 /* 16.png in Resources */,
				74A617FA15B48BBE001F3C25 /* 17.png in Resources */,
				74A617FB15B48BBE001F3C25 /* 18.png in Resources */,
				74A617FC15B48BBE001F3C25 /* 19.png in Resources */,
				74A617FD15B48BBE001F3C25 /* 20.png in Resources */,
				74A617FE15B48BBE001F3C25 /* 21.png in Resources */,
				74A617FF15B48BBE001F3C25 /* 22.png in Resources */,
				74A6180015B48BBE001F3C25 /* 23.png in Resources */,
				74A6180115B48BBE001F3C25 /* 24.png in Resources */,
				74A6180215B48BBE001F3C25 /* 25.png in Resources */,
				74A6180315B48BBE001F3C25 /* 26.png in Resources */,
				74A6180415B48BBE001F3C25 /* 27.png in Resources */,
				74A6180515B48BBE001F3C25 /* 28.png in Resources */,
				74A6180615B48BBE001F3C25 /* 29.png in Resources */,
				74A6180715B48BBE001F3C25 /* 30.png in Resources */,
				74A6180815B48BBE001F3C25 /* 31.png in Resources */,
				74A6180915B48BBE001F3C25 /* 32.png in Resources */,
				74A6180A15B48BBE001F3C25 /* 33.png in Resources */,
				74A6180B15B48BBE001F3C25 /* 34.png in Resources */,
				74A6180C15B48BBE001F3C25 /* 35.png in Resources */,
				74A6180D15B48BBE001F3C25 /* 36.png in Resources */,
				74A6180E15B48BBE001F3C25 /* 37.png in Resources */,
				74A6180F15B48BBE001F3C25 /* 38.png in Resources */,
				74A6181015B48BBE001F3C25 /* 39.png in Resources */,
				74A6181115B48BBE001F3C25 /* 40.png in Resources */,
				74A6181215B48BBE001F3C25 /* 41.png in Resources */,
				74A6181315B48BBE001F3C25 /* 42.png in Resources */,
				74A6181415B48BBE001F3C25 /* 43.png in Resources */,
				74A6181515B48BBE001F3C25 /* 44.png in Resources */,
				74A6181615B48BBE001F3C25 /* 45.png in Resources */,
				74A6181715B48BBE001F3C25 /* 46.png in Resources */,
				74A6181815B48BBE001F3C25 /* 47.png in Resources */,
				74A6181915B48BBE001F3C25 /* 48.png in Resources */,
				74A6181A15B48BBE001F3C25 /* 49.png in Resources */,
				74A6181B15B48BBE001F3C25 /* 50.png in Resources */,
				74A6181C15B48BBE001F3C25 /* 51.png in Resources */,
				74A6181D15B48BBE001F3C25 /* 52.png in Resources */,
				17457F1615B6ADDB00035FAD /* pokertisch.png in Resources */,
				74164ED015BC1309004E44AB /* leer.png in Resources */,
				747D715715BC62F9002C7482 /* clicktoBet.png in Resources */,
			);
			runOnlyForDeploymentPostprocessing = 0;
		};
		741C7AAE155E70220056AF55 /* Resources */ = {
			isa = PBXResourcesBuildPhase;
			buildActionMask = 2147483647;
			files = (
				741C7ABD155E70220056AF55 /* InfoPlist.strings in Resources */,
			);
			runOnlyForDeploymentPostprocessing = 0;
		};
/* End PBXResourcesBuildPhase section */

/* Begin PBXShellScriptBuildPhase section */
		741C7AAF155E70220056AF55 /* ShellScript */ = {
			isa = PBXShellScriptBuildPhase;
			buildActionMask = 2147483647;
			files = (
			);
			inputPaths = (
			);
			outputPaths = (
			);
			runOnlyForDeploymentPostprocessing = 0;
			shellPath = /bin/sh;
			shellScript = "# Run the unit tests in this test bundle.\n\"${SYSTEM_DEVELOPER_DIR}/Tools/RunUnitTests\"\n";
		};
/* End PBXShellScriptBuildPhase section */

/* Begin PBXSourcesBuildPhase section */
		741C7A89155E70210056AF55 /* Sources */ = {
			isa = PBXSourcesBuildPhase;
			buildActionMask = 2147483647;
			files = (
				B7CC702C158DD67B00FB563A /* GCHelper.m in Sources */,
				741C7A9E155E70210056AF55 /* main.m in Sources */,
				741C7AA2155E70210056AF55 /* AppDelegate.m in Sources */,
				741C7AAB155E70220056AF55 /* ViewController.m in Sources */,
				74E96612155EC42800C0486D /* IngameViewController.m in Sources */,
				B7F8B3E9156BDD7000B817AB /* Player.m in Sources */,
				10997A1515874D8E00895DBE /* PackOfCards.m in Sources */,
				B73DFF001592587E009E92BD /* GameController.m in Sources */,
				74A567D8159C5DB8004224A0 /* botViewController.m in Sources */,
				7408493C15B4564200E3A0FF /* spieleinstellungen.m in Sources */,
			);
			runOnlyForDeploymentPostprocessing = 0;
		};
		741C7AAC155E70220056AF55 /* Sources */ = {
			isa = PBXSourcesBuildPhase;
			buildActionMask = 2147483647;
			files = (
				741C7AC0155E70230056AF55 /* nopainbutshameTests.m in Sources */,
			);
			runOnlyForDeploymentPostprocessing = 0;
		};
/* End PBXSourcesBuildPhase section */

/* Begin PBXTargetDependency section */
		741C7AB7155E70220056AF55 /* PBXTargetDependency */ = {
			isa = PBXTargetDependency;
			target = 741C7A8C155E70210056AF55 /* nopainbutshame */;
			targetProxy = 741C7AB6155E70220056AF55 /* PBXContainerItemProxy */;
		};
/* End PBXTargetDependency section */

/* Begin PBXVariantGroup section */
		741C7A9A155E70210056AF55 /* InfoPlist.strings */ = {
			isa = PBXVariantGroup;
			children = (
				741C7A9B155E70210056AF55 /* en */,
			);
			name = InfoPlist.strings;
			sourceTree = "<group>";
		};
		741C7AA6155E70220056AF55 /* MainStoryboard_iPad.storyboard */ = {
			isa = PBXVariantGroup;
			children = (
				741C7AA7155E70220056AF55 /* en */,
			);
			name = MainStoryboard_iPad.storyboard;
			sourceTree = "<group>";
		};
		741C7ABB155E70220056AF55 /* InfoPlist.strings */ = {
			isa = PBXVariantGroup;
			children = (
				741C7ABC155E70220056AF55 /* en */,
			);
			name = InfoPlist.strings;
			sourceTree = "<group>";
		};
/* End PBXVariantGroup section */

/* Begin XCBuildConfiguration section */
		741C7AC1155E70230056AF55 /* Debug */ = {
			isa = XCBuildConfiguration;
			buildSettings = {
				ALWAYS_SEARCH_USER_PATHS = NO;
				ARCHS = "$(ARCHS_STANDARD_32_BIT)";
				CLANG_ENABLE_OBJC_ARC = YES;
				"CODE_SIGN_IDENTITY[sdk=iphoneos*]" = "iPhone Developer";
				COPY_PHASE_STRIP = NO;
				GCC_C_LANGUAGE_STANDARD = gnu99;
				GCC_DYNAMIC_NO_PIC = NO;
				GCC_OPTIMIZATION_LEVEL = 0;
				GCC_PREPROCESSOR_DEFINITIONS = (
					"DEBUG=1",
					"$(inherited)",
				);
				GCC_SYMBOLS_PRIVATE_EXTERN = NO;
				GCC_VERSION = com.apple.compilers.llvm.clang.1_0;
				GCC_WARN_ABOUT_RETURN_TYPE = YES;
				GCC_WARN_UNINITIALIZED_AUTOS = YES;
				GCC_WARN_UNUSED_VARIABLE = YES;
				IPHONEOS_DEPLOYMENT_TARGET = 5.1;
				SDKROOT = iphoneos;
				TARGETED_DEVICE_FAMILY = "1,2";
			};
			name = Debug;
		};
		741C7AC2155E70230056AF55 /* Release */ = {
			isa = XCBuildConfiguration;
			buildSettings = {
				ALWAYS_SEARCH_USER_PATHS = NO;
				ARCHS = "$(ARCHS_STANDARD_32_BIT)";
				CLANG_ENABLE_OBJC_ARC = YES;
				"CODE_SIGN_IDENTITY[sdk=iphoneos*]" = "iPhone Developer";
				COPY_PHASE_STRIP = YES;
				GCC_C_LANGUAGE_STANDARD = gnu99;
				GCC_VERSION = com.apple.compilers.llvm.clang.1_0;
				GCC_WARN_ABOUT_RETURN_TYPE = YES;
				GCC_WARN_UNINITIALIZED_AUTOS = YES;
				GCC_WARN_UNUSED_VARIABLE = YES;
				IPHONEOS_DEPLOYMENT_TARGET = 5.1;
				OTHER_CFLAGS = "-DNS_BLOCK_ASSERTIONS=1";
				SDKROOT = iphoneos;
				TARGETED_DEVICE_FAMILY = "1,2";
				VALIDATE_PRODUCT = YES;
			};
			name = Release;
		};
		741C7AC4155E70230056AF55 /* Debug */ = {
			isa = XCBuildConfiguration;
			buildSettings = {
				GCC_PRECOMPILE_PREFIX_HEADER = YES;
				GCC_PREFIX_HEADER = "nopainbutshame/nopainbutshame-Prefix.pch";
				INFOPLIST_FILE = "nopainbutshame/nopainbutshame-Info.plist";
				PRODUCT_NAME = "$(TARGET_NAME)";
				WRAPPER_EXTENSION = app;
			};
			name = Debug;
		};
		741C7AC5155E70230056AF55 /* Release */ = {
			isa = XCBuildConfiguration;
			buildSettings = {
				GCC_PRECOMPILE_PREFIX_HEADER = YES;
				GCC_PREFIX_HEADER = "nopainbutshame/nopainbutshame-Prefix.pch";
				INFOPLIST_FILE = "nopainbutshame/nopainbutshame-Info.plist";
				PRODUCT_NAME = "$(TARGET_NAME)";
				WRAPPER_EXTENSION = app;
			};
			name = Release;
		};
		741C7AC7155E70230056AF55 /* Debug */ = {
			isa = XCBuildConfiguration;
			buildSettings = {
				BUNDLE_LOADER = "$(BUILT_PRODUCTS_DIR)/nopainbutshame.app/nopainbutshame";
				FRAMEWORK_SEARCH_PATHS = (
					"$(SDKROOT)/Developer/Library/Frameworks",
					"$(DEVELOPER_LIBRARY_DIR)/Frameworks",
				);
				GCC_PRECOMPILE_PREFIX_HEADER = YES;
				GCC_PREFIX_HEADER = "nopainbutshame/nopainbutshame-Prefix.pch";
				INFOPLIST_FILE = "nopainbutshameTests/nopainbutshameTests-Info.plist";
				PRODUCT_NAME = "$(TARGET_NAME)";
				TEST_HOST = "$(BUNDLE_LOADER)";
				WRAPPER_EXTENSION = octest;
			};
			name = Debug;
		};
		741C7AC8155E70230056AF55 /* Release */ = {
			isa = XCBuildConfiguration;
			buildSettings = {
				BUNDLE_LOADER = "$(BUILT_PRODUCTS_DIR)/nopainbutshame.app/nopainbutshame";
				FRAMEWORK_SEARCH_PATHS = (
					"$(SDKROOT)/Developer/Library/Frameworks",
					"$(DEVELOPER_LIBRARY_DIR)/Frameworks",
				);
				GCC_PRECOMPILE_PREFIX_HEADER = YES;
				GCC_PREFIX_HEADER = "nopainbutshame/nopainbutshame-Prefix.pch";
				INFOPLIST_FILE = "nopainbutshameTests/nopainbutshameTests-Info.plist";
				PRODUCT_NAME = "$(TARGET_NAME)";
				TEST_HOST = "$(BUNDLE_LOADER)";
				WRAPPER_EXTENSION = octest;
			};
			name = Release;
		};
/* End XCBuildConfiguration section */

/* Begin XCConfigurationList section */
		741C7A87155E70210056AF55 /* Build configuration list for PBXProject "nopainbutshame" */ = {
			isa = XCConfigurationList;
			buildConfigurations = (
				741C7AC1155E70230056AF55 /* Debug */,
				741C7AC2155E70230056AF55 /* Release */,
			);
			defaultConfigurationIsVisible = 0;
			defaultConfigurationName = Release;
		};
		741C7AC3155E70230056AF55 /* Build configuration list for PBXNativeTarget "nopainbutshame" */ = {
			isa = XCConfigurationList;
			buildConfigurations = (
				741C7AC4155E70230056AF55 /* Debug */,
				741C7AC5155E70230056AF55 /* Release */,
			);
			defaultConfigurationIsVisible = 0;
			defaultConfigurationName = Release;
		};
		741C7AC6155E70230056AF55 /* Build configuration list for PBXNativeTarget "nopainbutshameTests" */ = {
			isa = XCConfigurationList;
			buildConfigurations = (
				741C7AC7155E70230056AF55 /* Debug */,
				741C7AC8155E70230056AF55 /* Release */,
			);
			defaultConfigurationIsVisible = 0;
			defaultConfigurationName = Release;
		};
/* End XCConfigurationList section */
	};
	rootObject = 741C7A84155E70210056AF55 /* Project object */;
}
